{
  "nodes": {
    "flake-utils": {
      "locked": {
        "lastModified": 1659877975,
        "narHash": "sha256-zllb8aq3YO3h8B/U0/J1WBgAL8EX5yWf5pMj3G0NAmc=",
        "owner": "numtide",
        "repo": "flake-utils",
        "rev": "c0e246b9b83f637f4681389ecabcb2681b4f3af0",
        "type": "github"
      },
      "original": {
        "owner": "numtide",
        "repo": "flake-utils",
        "type": "github"
      }
    },
    "home-manager": {
      "inputs": {
        "nixpkgs": [
          "nixpkgs"
        ],
        "utils": "utils"
      },
      "locked": {
        "lastModified": 1669724862,
        "narHash": "sha256-GwLonjmyhnTGQRNfKcUCgMSKYj49ZehjjJulaM/yH18=",
        "owner": "nix-community",
        "repo": "home-manager",
        "rev": "e891b060e7d11bb8f7dedb86a41d804891a6f5a9",
        "type": "github"
      },
      "original": {
        "owner": "nix-community",
        "ref": "release-22.11",
        "repo": "home-manager",
        "type": "github"
      }
    },
    "nixgl": {
      "inputs": {
        "flake-utils": "flake-utils",
        "nixpkgs": "nixpkgs"
      },
      "locked": {
        "lastModified": 1672992692,
        "narHash": "sha256-/eLQLSNIa22ARTZbk+x8i0iE8khe1eiHWkuxgTVXZ7g=",
        "owner": "guibou",
        "repo": "nixGL",
        "rev": "643e730efb981ffaf8478f441ec9b9aeea1c89f5",
        "type": "github"
      },
      "original": {
        "owner": "guibou",
        "repo": "nixGL",
        "type": "github"
      }
    },
    "nixpkgs": {
      "locked": {
        "lastModified": 1660551188,
        "narHash": "sha256-a1LARMMYQ8DPx1BgoI/UN4bXe12hhZkCNqdxNi6uS0g=",
        "owner": "nixos",
        "repo": "nixpkgs",
        "rev": "441dc5d512153039f19ef198e662e4f3dbb9fd65",
        "type": "github"
      },
      "original": {
        "owner": "nixos",
        "repo": "nixpkgs",
        "type": "github"
      }
    },
    "nixpkgs-unstable": {
      "locked": {
        "lastModified": 1668087632,
        "narHash": "sha256-T/cUx44aYDuLMFfaiVpMdTjL4kpG7bh0VkN6JEM78/E=",
        "owner": "NixOS",
        "repo": "nixpkgs",
        "rev": "5f588eb4a958f1a526ed8da02d6ea1bea0047b9f",
        "type": "github"
      },
      "original": {
        "owner": "NixOS",
        "ref": "nixos-unstable",
        "repo": "nixpkgs",
        "type": "github"
      }
    },
    "nixpkgs_2": {
      "locked": {
        "lastModified": 1669834992,
        "narHash": "sha256-YnhZGHgb4C3Q7DSGisO/stc50jFb9F/MzHeKS4giotg=",
        "owner": "NixOS",
        "repo": "nixpkgs",
        "rev": "596a8e828c5dfa504f91918d0fa4152db3ab5502",
        "type": "github"
      },
      "original": {
        "owner": "NixOS",
        "ref": "nixos-22.11",
        "repo": "nixpkgs",
        "type": "github"
      }
    },
    "nur": {
      "locked": {
        "lastModified": 1668083168,
        "narHash": "sha256-yDYNuoTZePsBbWaPcxEIj7rTOAKzmtT7NQnAynmi5as=",
        "owner": "nix-community",
        "repo": "NUR",
        "rev": "c4901dc7660f78543d5877e7ad0c35ac1e22b1a7",
        "type": "github"
      },
      "original": {
        "owner": "nix-community",
        "repo": "NUR",
        "type": "github"
      }
    },
    "root": {
      "inputs": {
        "home-manager": "home-manager",
        "nixgl": "nixgl",
        "nixpkgs": "nixpkgs_2",
        "nixpkgs-unstable": "nixpkgs-unstable",
        "nur": "nur"
      }
    },
    "utils": {
      "locked": {
        "lastModified": 1667395993,
        "narHash": "sha256-nuEHfE/LcWyuSWnS8t12N1wc105Qtau+/OdUAjtQ0rA=",
        "owner": "numtide",
        "repo": "flake-utils",
        "rev": "5aed5285a952e0b949eb3ba02c12fa4fcfef535f",
        "type": "github"
      },
      "original": {
        "owner": "numtide",
        "repo": "flake-utils",
        "type": "github"
      }
    }
  },
  "root": "root",
  "version": 7
}
